{
  "name": "public-api-finder",
  "version": "0.3.2",
  "lockfileVersion": 3,
  "requires": true,
  "packages": {
    "": {
      "name": "public-api-finder",
      "version": "0.3.2",
      "license": "MIT",
      "bin": {
        "public-api-finder": "src/cli.js"
      },
      "engines": {
        "node": ">=20"
      }
    }
  }
}
